github.com/eringen/gowebper v0.1.2 h1:9rvIvlTK+CiMuc+cTC3Ozzsz6e3e1rOo7z3kSfWnPT4=
github.com/eringen/gowebper v0.1.2/go.mod h1:B12vKXoit3pdxVagJNqmnQ/SDciA+UjYRnhn4dAIxNk=
golang.org/x/image v0.39.0 h1:skVYidAEVKgn8lZ602XO75asgXBgLj9G/FE3RbuPFww=
golang.org/x/image v0.39.0/go.mod h1:sIbmppfU+xFLPIG0FoVUTvyBMmgng1/XAMhQ2ft0hpA=
golang.org/x/text v0.36.0 h1:JfKh3XmcRPqZPKevfXVpI1wXPTqbkE5f7JA92a55Yxg=
golang.org/x/text v0.36.0/go.mod h1:NIdBknypM8iqVmPiuco0Dh6P5Jcdk8lJL0CUebqK164=
